{
  "name": "test",
  "lockfileVersion": 2,
  "requires": true,
  "packages": {
    "": {
      "dependencies": {
        "pareto-async-functions-lib": "^0.16.0",
        "pareto-diff-lib": "^0.3.0",
        "pareto-test-lib": "^0.23.0"
      }
    },
    "node_modules/diff": {
      "version": "5.1.0",
      "resolved": "https://registry.npmjs.org/diff/-/diff-5.1.0.tgz",
      "integrity": "sha512-D+mk+qE8VC/PAUrlAU34N+VfXev0ghe5ywmpqrawphmVZc1bEfn56uo9qpyGp1p4xpzOHkSW4ztBd6L7Xx4ACw==",
      "engines": {
        "node": ">=0.3.1"
      }
    },
    "node_modules/pareto-api-core": {
      "version": "0.3.0",
      "resolved": "https://registry.npmjs.org/pareto-api-core/-/pareto-api-core-0.3.0.tgz",
      "integrity": "sha512-3Ohd8JOwqzGk4eC3BpZR21dLp6hr1I/6AoUf23huzEDbWYmZfN1c9w3S78tm9DGQZ8/sOJl5nEGCaOudOWhohg=="
    },
    "node_modules/pareto-async-functions-api": {
      "version": "0.10.0",
      "resolved": "https://registry.npmjs.org/pareto-async-functions-api/-/pareto-async-functions-api-0.10.0.tgz",
      "integrity": "sha512-unTSB9n3/cqWuG9U4XYvh9yNJLv+WChmCsOPnSxc8JWcZMdvHlKCSh8eSV0/+TZXsO9A16V8KYqpOTCsbZIlLg==",
      "dependencies": {
        "pareto-api-core": "^0.3.0"
      }
    },
    "node_modules/pareto-async-functions-lib": {
      "version": "0.16.0",
      "resolved": "https://registry.npmjs.org/pareto-async-functions-lib/-/pareto-async-functions-lib-0.16.0.tgz",
      "integrity": "sha512-bxoDkqoBfXCnGdS2g8idw4NAcA5DYGeRpB3THZ9mlWGm2p7xCrX1xaMj4tAojtSY0X9SU9ZRr909nHH48VEMcQ==",
      "dependencies": {
        "pareto-async-functions-api": "^0.10.0",
        "pareto-lib-core": "^0.6.0"
      }
    },
    "node_modules/pareto-diff-api": {
      "version": "0.1.0",
      "resolved": "https://registry.npmjs.org/pareto-diff-api/-/pareto-diff-api-0.1.0.tgz",
      "integrity": "sha512-yfJb2jptWsskEDCvTa8gXXydko+VPOXLG3/9mGUs2tmVcc81ncbs/eMLmsUDDYz1fQJSbn254gXWMtwUSupg1w=="
    },
    "node_modules/pareto-diff-lib": {
      "version": "0.3.0",
      "resolved": "https://registry.npmjs.org/pareto-diff-lib/-/pareto-diff-lib-0.3.0.tgz",
      "integrity": "sha512-E1RzZmWHrFoMp5vLyZ0j8pAF8+U7BRD3iy9XugpN6Mq6Ro53I3/4snpTPG/CIMhVIEFNOQRZYReS0mLM3kz0Vw==",
      "dependencies": {
        "diff": "^5.1.0",
        "pareto-diff-api": "^0.1.0"
      }
    },
    "node_modules/pareto-filesystem-api": {
      "version": "0.16.0",
      "resolved": "https://registry.npmjs.org/pareto-filesystem-api/-/pareto-filesystem-api-0.16.0.tgz",
      "integrity": "sha512-c1hwc7sOGdX83BPvI2KpLXXy9a18Kz29KpRTM85ojWfvcKXM971dBPoovBhlaga7ALTA4wmMy5EtH9vUbpi6eQ==",
      "dependencies": {
        "pareto-handledfilesystem-api": "^0.9.0"
      }
    },
    "node_modules/pareto-handledfilesystem-api": {
      "version": "0.9.0",
      "resolved": "https://registry.npmjs.org/pareto-handledfilesystem-api/-/pareto-handledfilesystem-api-0.9.0.tgz",
      "integrity": "sha512-6a1jHCdSWyqCbs6bbT7BdRSjaUec+RtbSOUr0uSv1xusg7/2O+8mSWaErBEIIR3qoE9mej6Op+1XEGU4mUIIFA==",
      "dependencies": {
        "pareto-api-core": "^0.3.0"
      }
    },
    "node_modules/pareto-lib-core": {
      "version": "0.6.0",
      "resolved": "https://registry.npmjs.org/pareto-lib-core/-/pareto-lib-core-0.6.0.tgz",
      "integrity": "sha512-Y365jVSamLVtucErTZnEVLBMAP7m0nBl4+IQ668dXIQHq36tC1na7j1fMRRu2aU5I5ld3U1tV1B46iHudW5+iA==",
      "dependencies": {
        "pareto-api-core": "^0.3.0"
      }
    },
    "node_modules/pareto-test-api": {
      "version": "0.7.0",
      "resolved": "https://registry.npmjs.org/pareto-test-api/-/pareto-test-api-0.7.0.tgz",
      "integrity": "sha512-2nLDO/oT77zI1y0mKF0pcdSPM5gMK06Me6/15AzEh+Ja/4AQOqYoJECOaSkttT7VnipiJ8krHv6xorYYPUyEDA==",
      "dependencies": {
        "pareto-api-core": "^0.3.0"
      }
    },
    "node_modules/pareto-test-lib": {
      "version": "0.23.0",
      "resolved": "https://registry.npmjs.org/pareto-test-lib/-/pareto-test-lib-0.23.0.tgz",
      "integrity": "sha512-nQgY2ZGICPbCaPY6q5NE+Bc8SXvMEsh4bl1iJA0YNkYaFvSkPEnobglrCIl8OmxMvkQuEX95oP4QcTjWg+mi+Q==",
      "dependencies": {
        "pareto-api-core": "^0.3.0",
        "pareto-async-functions-api": "^0.10.0",
        "pareto-diff-api": "^0.1.0",
        "pareto-filesystem-api": "^0.16.0",
        "pareto-handledfilesystem-api": "^0.9.0",
        "pareto-lib-core": "^0.6.0",
        "pareto-test-api": "^0.7.0"
      }
    }
  },
  "dependencies": {
    "diff": {
      "version": "5.1.0",
      "resolved": "https://registry.npmjs.org/diff/-/diff-5.1.0.tgz",
      "integrity": "sha512-D+mk+qE8VC/PAUrlAU34N+VfXev0ghe5ywmpqrawphmVZc1bEfn56uo9qpyGp1p4xpzOHkSW4ztBd6L7Xx4ACw=="
    },
    "pareto-api-core": {
      "version": "0.3.0",
      "resolved": "https://registry.npmjs.org/pareto-api-core/-/pareto-api-core-0.3.0.tgz",
      "integrity": "sha512-3Ohd8JOwqzGk4eC3BpZR21dLp6hr1I/6AoUf23huzEDbWYmZfN1c9w3S78tm9DGQZ8/sOJl5nEGCaOudOWhohg=="
    },
    "pareto-async-functions-api": {
      "version": "0.10.0",
      "resolved": "https://registry.npmjs.org/pareto-async-functions-api/-/pareto-async-functions-api-0.10.0.tgz",
      "integrity": "sha512-unTSB9n3/cqWuG9U4XYvh9yNJLv+WChmCsOPnSxc8JWcZMdvHlKCSh8eSV0/+TZXsO9A16V8KYqpOTCsbZIlLg==",
      "requires": {
        "pareto-api-core": "^0.3.0"
      }
    },
    "pareto-async-functions-lib": {
      "version": "0.16.0",
      "resolved": "https://registry.npmjs.org/pareto-async-functions-lib/-/pareto-async-functions-lib-0.16.0.tgz",
      "integrity": "sha512-bxoDkqoBfXCnGdS2g8idw4NAcA5DYGeRpB3THZ9mlWGm2p7xCrX1xaMj4tAojtSY0X9SU9ZRr909nHH48VEMcQ==",
      "requires": {
        "pareto-async-functions-api": "^0.10.0",
        "pareto-lib-core": "^0.6.0"
      }
    },
    "pareto-diff-api": {
      "version": "0.1.0",
      "resolved": "https://registry.npmjs.org/pareto-diff-api/-/pareto-diff-api-0.1.0.tgz",
      "integrity": "sha512-yfJb2jptWsskEDCvTa8gXXydko+VPOXLG3/9mGUs2tmVcc81ncbs/eMLmsUDDYz1fQJSbn254gXWMtwUSupg1w=="
    },
    "pareto-diff-lib": {
      "version": "0.3.0",
      "resolved": "https://registry.npmjs.org/pareto-diff-lib/-/pareto-diff-lib-0.3.0.tgz",
      "integrity": "sha512-E1RzZmWHrFoMp5vLyZ0j8pAF8+U7BRD3iy9XugpN6Mq6Ro53I3/4snpTPG/CIMhVIEFNOQRZYReS0mLM3kz0Vw==",
      "requires": {
        "diff": "^5.1.0",
        "pareto-diff-api": "^0.1.0"
      }
    },
    "pareto-filesystem-api": {
      "version": "0.16.0",
      "resolved": "https://registry.npmjs.org/pareto-filesystem-api/-/pareto-filesystem-api-0.16.0.tgz",
      "integrity": "sha512-c1hwc7sOGdX83BPvI2KpLXXy9a18Kz29KpRTM85ojWfvcKXM971dBPoovBhlaga7ALTA4wmMy5EtH9vUbpi6eQ==",
      "requires": {
        "pareto-handledfilesystem-api": "^0.9.0"
      }
    },
    "pareto-handledfilesystem-api": {
      "version": "0.9.0",
      "resolved": "https://registry.npmjs.org/pareto-handledfilesystem-api/-/pareto-handledfilesystem-api-0.9.0.tgz",
      "integrity": "sha512-6a1jHCdSWyqCbs6bbT7BdRSjaUec+RtbSOUr0uSv1xusg7/2O+8mSWaErBEIIR3qoE9mej6Op+1XEGU4mUIIFA==",
      "requires": {
        "pareto-api-core": "^0.3.0"
      }
    },
    "pareto-lib-core": {
      "version": "0.6.0",
      "resolved": "https://registry.npmjs.org/pareto-lib-core/-/pareto-lib-core-0.6.0.tgz",
      "integrity": "sha512-Y365jVSamLVtucErTZnEVLBMAP7m0nBl4+IQ668dXIQHq36tC1na7j1fMRRu2aU5I5ld3U1tV1B46iHudW5+iA==",
      "requires": {
        "pareto-api-core": "^0.3.0"
      }
    },
    "pareto-test-api": {
      "version": "0.7.0",
      "resolved": "https://registry.npmjs.org/pareto-test-api/-/pareto-test-api-0.7.0.tgz",
      "integrity": "sha512-2nLDO/oT77zI1y0mKF0pcdSPM5gMK06Me6/15AzEh+Ja/4AQOqYoJECOaSkttT7VnipiJ8krHv6xorYYPUyEDA==",
      "requires": {
        "pareto-api-core": "^0.3.0"
      }
    },
    "pareto-test-lib": {
      "version": "0.23.0",
      "resolved": "https://registry.npmjs.org/pareto-test-lib/-/pareto-test-lib-0.23.0.tgz",
      "integrity": "sha512-nQgY2ZGICPbCaPY6q5NE+Bc8SXvMEsh4bl1iJA0YNkYaFvSkPEnobglrCIl8OmxMvkQuEX95oP4QcTjWg+mi+Q==",
      "requires": {
        "pareto-api-core": "^0.3.0",
        "pareto-async-functions-api": "^0.10.0",
        "pareto-diff-api": "^0.1.0",
        "pareto-filesystem-api": "^0.16.0",
        "pareto-handledfilesystem-api": "^0.9.0",
        "pareto-lib-core": "^0.6.0",
        "pareto-test-api": "^0.7.0"
      }
    }
  }
}
