{
  "name": "pareto-filesystem-res",
  "version": "0.26.0",
  "lockfileVersion": 2,
  "requires": true,
  "packages": {
    "": {
      "name": "pareto-filesystem-res",
      "version": "0.26.0",
      "license": "ISC",
      "dependencies": {
        "pareto-api-core": "^0.3.0",
        "pareto-filesystem-api": "^0.16.0",
        "pareto-handledfilesystem-api": "^0.9.0",
        "pareto-lib-core": "^0.6.0"
      },
      "devDependencies": {
        "@types/node": "^18.6.3"
      }
    },
    "node_modules/@types/node": {
      "version": "18.6.3",
      "resolved": "https://registry.npmjs.org/@types/node/-/node-18.6.3.tgz",
      "integrity": "sha512-6qKpDtoaYLM+5+AFChLhHermMQxc3TOEFIDzrZLPRGHPrLEwqFkkT5Kx3ju05g6X7uDPazz3jHbKPX0KzCjntg==",
      "dev": true
    },
    "node_modules/pareto-api-core": {
      "version": "0.3.0",
      "resolved": "https://registry.npmjs.org/pareto-api-core/-/pareto-api-core-0.3.0.tgz",
      "integrity": "sha512-3Ohd8JOwqzGk4eC3BpZR21dLp6hr1I/6AoUf23huzEDbWYmZfN1c9w3S78tm9DGQZ8/sOJl5nEGCaOudOWhohg=="
    },
    "node_modules/pareto-filesystem-api": {
      "version": "0.16.0",
      "resolved": "https://registry.npmjs.org/pareto-filesystem-api/-/pareto-filesystem-api-0.16.0.tgz",
      "integrity": "sha512-c1hwc7sOGdX83BPvI2KpLXXy9a18Kz29KpRTM85ojWfvcKXM971dBPoovBhlaga7ALTA4wmMy5EtH9vUbpi6eQ==",
      "dependencies": {
        "pareto-handledfilesystem-api": "^0.9.0"
      }
    },
    "node_modules/pareto-handledfilesystem-api": {
      "version": "0.9.0",
      "resolved": "https://registry.npmjs.org/pareto-handledfilesystem-api/-/pareto-handledfilesystem-api-0.9.0.tgz",
      "integrity": "sha512-6a1jHCdSWyqCbs6bbT7BdRSjaUec+RtbSOUr0uSv1xusg7/2O+8mSWaErBEIIR3qoE9mej6Op+1XEGU4mUIIFA==",
      "dependencies": {
        "pareto-api-core": "^0.3.0"
      }
    },
    "node_modules/pareto-lib-core": {
      "version": "0.6.0",
      "resolved": "https://registry.npmjs.org/pareto-lib-core/-/pareto-lib-core-0.6.0.tgz",
      "integrity": "sha512-Y365jVSamLVtucErTZnEVLBMAP7m0nBl4+IQ668dXIQHq36tC1na7j1fMRRu2aU5I5ld3U1tV1B46iHudW5+iA==",
      "dependencies": {
        "pareto-api-core": "^0.3.0"
      }
    }
  },
  "dependencies": {
    "@types/node": {
      "version": "18.6.3",
      "resolved": "https://registry.npmjs.org/@types/node/-/node-18.6.3.tgz",
      "integrity": "sha512-6qKpDtoaYLM+5+AFChLhHermMQxc3TOEFIDzrZLPRGHPrLEwqFkkT5Kx3ju05g6X7uDPazz3jHbKPX0KzCjntg==",
      "dev": true
    },
    "pareto-api-core": {
      "version": "0.3.0",
      "resolved": "https://registry.npmjs.org/pareto-api-core/-/pareto-api-core-0.3.0.tgz",
      "integrity": "sha512-3Ohd8JOwqzGk4eC3BpZR21dLp6hr1I/6AoUf23huzEDbWYmZfN1c9w3S78tm9DGQZ8/sOJl5nEGCaOudOWhohg=="
    },
    "pareto-filesystem-api": {
      "version": "0.16.0",
      "resolved": "https://registry.npmjs.org/pareto-filesystem-api/-/pareto-filesystem-api-0.16.0.tgz",
      "integrity": "sha512-c1hwc7sOGdX83BPvI2KpLXXy9a18Kz29KpRTM85ojWfvcKXM971dBPoovBhlaga7ALTA4wmMy5EtH9vUbpi6eQ==",
      "requires": {
        "pareto-handledfilesystem-api": "^0.9.0"
      }
    },
    "pareto-handledfilesystem-api": {
      "version": "0.9.0",
      "resolved": "https://registry.npmjs.org/pareto-handledfilesystem-api/-/pareto-handledfilesystem-api-0.9.0.tgz",
      "integrity": "sha512-6a1jHCdSWyqCbs6bbT7BdRSjaUec+RtbSOUr0uSv1xusg7/2O+8mSWaErBEIIR3qoE9mej6Op+1XEGU4mUIIFA==",
      "requires": {
        "pareto-api-core": "^0.3.0"
      }
    },
    "pareto-lib-core": {
      "version": "0.6.0",
      "resolved": "https://registry.npmjs.org/pareto-lib-core/-/pareto-lib-core-0.6.0.tgz",
      "integrity": "sha512-Y365jVSamLVtucErTZnEVLBMAP7m0nBl4+IQ668dXIQHq36tC1na7j1fMRRu2aU5I5ld3U1tV1B46iHudW5+iA==",
      "requires": {
        "pareto-api-core": "^0.3.0"
      }
    }
  }
}
