{
  "name": "pareto-filesystem",
  "version": "0.5.0",
  "lockfileVersion": 2,
  "requires": true,
  "packages": {
    "": {
      "name": "pareto-filesystem",
      "version": "0.5.0",
      "license": "ISC",
      "dependencies": {
        "pareto-runtime": "^0.19.1"
      },
      "devDependencies": {
        "@types/node": "^17.0.14"
      }
    },
    "node_modules/@types/node": {
      "version": "17.0.14",
      "resolved": "https://registry.npmjs.org/@types/node/-/node-17.0.14.tgz",
      "integrity": "sha512-SbjLmERksKOGzWzPNuW7fJM7fk3YXVTFiZWB/Hs99gwhk+/dnrQRPBQjPW9aO+fi1tAffi9PrwFvsmOKmDTyng==",
      "dev": true
    },
    "node_modules/pareto-runtime": {
      "version": "0.19.1",
      "resolved": "https://registry.npmjs.org/pareto-runtime/-/pareto-runtime-0.19.1.tgz",
      "integrity": "sha512-8uBuwCr/2sJrSef39s1NVOuX5NQen66YSlxgE8mL801a+rXIJxt/8e+PyWyxUHgTcAPTeIUcjTBufS/5fV4hoQ=="
    }
  },
  "dependencies": {
    "@types/node": {
      "version": "17.0.14",
      "resolved": "https://registry.npmjs.org/@types/node/-/node-17.0.14.tgz",
      "integrity": "sha512-SbjLmERksKOGzWzPNuW7fJM7fk3YXVTFiZWB/Hs99gwhk+/dnrQRPBQjPW9aO+fi1tAffi9PrwFvsmOKmDTyng==",
      "dev": true
    },
    "pareto-runtime": {
      "version": "0.19.1",
      "resolved": "https://registry.npmjs.org/pareto-runtime/-/pareto-runtime-0.19.1.tgz",
      "integrity": "sha512-8uBuwCr/2sJrSef39s1NVOuX5NQen66YSlxgE8mL801a+rXIJxt/8e+PyWyxUHgTcAPTeIUcjTBufS/5fV4hoQ=="
    }
  }
}
